
Microsoft Visual Studio Solution File, Format Version 12.00
# Visual Studio Version 17
VisualStudioVersion = 17.9.34607.119
MinimumVisualStudioVersion = 10.0.40219.1
Project("{FAE04EC0-301F-11D3-BF4B-00C04F79EFBC}") = "EF.oefening.01.oplossing", "EF.oefening.01.oplossing\EF.oefening.01.oplossing.csproj", "{4C216566-F3EA-474A-9909-4C9031F59A4D}"
EndProject
Global
	GlobalSection(SolutionConfigurationPlatforms) = preSolution
		Debug|Any CPU = Debug|Any CPU
		Release|Any CPU = Release|Any CPU
	EndGlobalSection
	GlobalSection(ProjectConfigurationPlatforms) = postSolution
		{4C216566-F3EA-474A-9909-4C9031F59A4D}.Debug|Any CPU.ActiveCfg = Debug|Any CPU
		{4C216566-F3EA-474A-9909-4C9031F59A4D}.Debug|Any CPU.Build.0 = Debug|Any CPU
		{4C216566-F3EA-474A-9909-4C9031F59A4D}.Release|Any CPU.ActiveCfg = Release|Any CPU
		{4C216566-F3EA-474A-9909-4C9031F59A4D}.Release|Any CPU.Build.0 = Release|Any CPU
	EndGlobalSection
	GlobalSection(SolutionProperties) = preSolution
		HideSolutionNode = FALSE
	EndGlobalSection
	GlobalSection(ExtensibilityGlobals) = postSolution
		SolutionGuid = {85A1AAAC-A0C7-4119-A0CB-159A384D83FE}
	EndGlobalSection
EndGlobal
